
Microsoft Visual Studio Solution File, Format Version 12.00
# Visual Studio 15
VisualStudioVersion = 15.0.26730.16
MinimumVisualStudioVersion = 10.0.40219.1
Project("{9A19103F-16F7-4668-BE54-9A1E7A4F7556}") = "EPA.Web", "EPA.Web\EPA.Web.csproj", "{61588525-1434-40A5-816B-CEC2D96EA18B}"
EndProject
Project("{9A19103F-16F7-4668-BE54-9A1E7A4F7556}") = "EPA.Common", "EPA.Common\EPA.Common.csproj", "{56EB5C7B-C95A-44EC-8B16-562435869FEB}"
EndProject
Project("{9A19103F-16F7-4668-BE54-9A1E7A4F7556}") = "EPA.MSSQL", "EPA.DB\EPA.MSSQL.csproj", "{3C7095C8-38FA-43EC-9F97-CB3763577BC2}"
EndProject
Project("{9A19103F-16F7-4668-BE54-9A1E7A4F7556}") = "EPA.UnitTests", "EPA.UnitTests\EPA.UnitTests.csproj", "{5A9E775C-FEA4-4E78-B659-FB33607A702E}"
EndProject
Project("{9A19103F-16F7-4668-BE54-9A1E7A4F7556}") = "EPA.IntegrationTests", "EPA.IntegrationTests\EPA.IntegrationTests.csproj", "{4AB5FA89-BECD-47C3-ACE9-0584D000B442}"
EndProject
Project("{FAE04EC0-301F-11D3-BF4B-00C04F79EFBC}") = "EPA.BusinessLogic", "EPA.BusinessLogic\EPA.BusinessLogic.csproj", "{859EE10A-6223-4C84-8F61-114D6A160886}"
EndProject
Global
	GlobalSection(SolutionConfigurationPlatforms) = preSolution
		Debug|Any CPU = Debug|Any CPU
		Release|Any CPU = Release|Any CPU
	EndGlobalSection
	GlobalSection(ProjectConfigurationPlatforms) = postSolution
		{61588525-1434-40A5-816B-CEC2D96EA18B}.Debug|Any CPU.ActiveCfg = Debug|Any CPU
		{61588525-1434-40A5-816B-CEC2D96EA18B}.Debug|Any CPU.Build.0 = Debug|Any CPU
		{61588525-1434-40A5-816B-CEC2D96EA18B}.Release|Any CPU.ActiveCfg = Release|Any CPU
		{61588525-1434-40A5-816B-CEC2D96EA18B}.Release|Any CPU.Build.0 = Release|Any CPU
		{56EB5C7B-C95A-44EC-8B16-562435869FEB}.Debug|Any CPU.ActiveCfg = Debug|Any CPU
		{56EB5C7B-C95A-44EC-8B16-562435869FEB}.Debug|Any CPU.Build.0 = Debug|Any CPU
		{56EB5C7B-C95A-44EC-8B16-562435869FEB}.Release|Any CPU.ActiveCfg = Release|Any CPU
		{56EB5C7B-C95A-44EC-8B16-562435869FEB}.Release|Any CPU.Build.0 = Release|Any CPU
		{3C7095C8-38FA-43EC-9F97-CB3763577BC2}.Debug|Any CPU.ActiveCfg = Debug|Any CPU
		{3C7095C8-38FA-43EC-9F97-CB3763577BC2}.Debug|Any CPU.Build.0 = Debug|Any CPU
		{3C7095C8-38FA-43EC-9F97-CB3763577BC2}.Release|Any CPU.ActiveCfg = Release|Any CPU
		{3C7095C8-38FA-43EC-9F97-CB3763577BC2}.Release|Any CPU.Build.0 = Release|Any CPU
		{5A9E775C-FEA4-4E78-B659-FB33607A702E}.Debug|Any CPU.ActiveCfg = Debug|Any CPU
		{5A9E775C-FEA4-4E78-B659-FB33607A702E}.Debug|Any CPU.Build.0 = Debug|Any CPU
		{5A9E775C-FEA4-4E78-B659-FB33607A702E}.Release|Any CPU.ActiveCfg = Release|Any CPU
		{5A9E775C-FEA4-4E78-B659-FB33607A702E}.Release|Any CPU.Build.0 = Release|Any CPU
		{4AB5FA89-BECD-47C3-ACE9-0584D000B442}.Debug|Any CPU.ActiveCfg = Debug|Any CPU
		{4AB5FA89-BECD-47C3-ACE9-0584D000B442}.Debug|Any CPU.Build.0 = Debug|Any CPU
		{4AB5FA89-BECD-47C3-ACE9-0584D000B442}.Release|Any CPU.ActiveCfg = Release|Any CPU
		{4AB5FA89-BECD-47C3-ACE9-0584D000B442}.Release|Any CPU.Build.0 = Release|Any CPU
		{859EE10A-6223-4C84-8F61-114D6A160886}.Debug|Any CPU.ActiveCfg = Debug|Any CPU
		{859EE10A-6223-4C84-8F61-114D6A160886}.Debug|Any CPU.Build.0 = Debug|Any CPU
		{859EE10A-6223-4C84-8F61-114D6A160886}.Release|Any CPU.ActiveCfg = Release|Any CPU
		{859EE10A-6223-4C84-8F61-114D6A160886}.Release|Any CPU.Build.0 = Release|Any CPU
	EndGlobalSection
	GlobalSection(SolutionProperties) = preSolution
		HideSolutionNode = FALSE
	EndGlobalSection
	GlobalSection(ExtensibilityGlobals) = postSolution
		SolutionGuid = {6604261E-98B2-4985-ABDF-FA76FC65F625}
	EndGlobalSection
EndGlobal
